
Microsoft Visual Studio Solution File, Format Version 12.00
# Visual Studio Version 16
VisualStudioVersion = 16.0.29123.88
MinimumVisualStudioVersion = 10.0.40219.1
Project("{FAE04EC0-301F-11D3-BF4B-00C04F79EFBC}") = "InsuranceManagement", "InsuranceManagement\InsuranceManagement.csproj", "{9AC1EB8F-C253-433E-A960-DDF0DFF858EE}"
EndProject
Global
	GlobalSection(SolutionConfigurationPlatforms) = preSolution
		Debug|Any CPU = Debug|Any CPU
		Release|Any CPU = Release|Any CPU
	EndGlobalSection
	GlobalSection(ProjectConfigurationPlatforms) = postSolution
		{9AC1EB8F-C253-433E-A960-DDF0DFF858EE}.Debug|Any CPU.ActiveCfg = Debug|Any CPU
		{9AC1EB8F-C253-433E-A960-DDF0DFF858EE}.Debug|Any CPU.Build.0 = Debug|Any CPU
		{9AC1EB8F-C253-433E-A960-DDF0DFF858EE}.Release|Any CPU.ActiveCfg = Release|Any CPU
		{9AC1EB8F-C253-433E-A960-DDF0DFF858EE}.Release|Any CPU.Build.0 = Release|Any CPU
	EndGlobalSection
	GlobalSection(SolutionProperties) = preSolution
		HideSolutionNode = FALSE
	EndGlobalSection
	GlobalSection(ExtensibilityGlobals) = postSolution
		SolutionGuid = {C604DCDD-1552-42D8-831C-9B0772716A11}
	EndGlobalSection
EndGlobal
